
Microsoft Visual Studio Solution File, Format Version 12.00
# Visual Studio Version 16
VisualStudioVersion = 16.0.30503.244
MinimumVisualStudioVersion = 10.0.40219.1
Project("{FAE04EC0-301F-11D3-BF4B-00C04F79EFBC}") = "OutlookwebApi", "OutlookwebApi\OutlookwebApi.csproj", "{1689DDE3-CF28-4DF7-B483-0D0C28A3E386}"
EndProject
Global
	GlobalSection(SolutionConfigurationPlatforms) = preSolution
		Debug|Any CPU = Debug|Any CPU
		Release|Any CPU = Release|Any CPU
	EndGlobalSection
	GlobalSection(ProjectConfigurationPlatforms) = postSolution
		{1689DDE3-CF28-4DF7-B483-0D0C28A3E386}.Debug|Any CPU.ActiveCfg = Debug|Any CPU
		{1689DDE3-CF28-4DF7-B483-0D0C28A3E386}.Debug|Any CPU.Build.0 = Debug|Any CPU
		{1689DDE3-CF28-4DF7-B483-0D0C28A3E386}.Release|Any CPU.ActiveCfg = Release|Any CPU
		{1689DDE3-CF28-4DF7-B483-0D0C28A3E386}.Release|Any CPU.Build.0 = Release|Any CPU
	EndGlobalSection
	GlobalSection(SolutionProperties) = preSolution
		HideSolutionNode = FALSE
	EndGlobalSection
	GlobalSection(ExtensibilityGlobals) = postSolution
		SolutionGuid = {132B4633-2CE0-47C1-953F-9AAE0B19E833}
	EndGlobalSection
EndGlobal
